
Microsoft Visual Studio Solution File, Format Version 12.00
# Visual Studio Version 16
VisualStudioVersion = 16.0.29306.81
MinimumVisualStudioVersion = 10.0.40219.1
Project("{FAE04EC0-301F-11D3-BF4B-00C04F79EFBC}") = "Trezeo_T_A", "Trezeo_T_A\Trezeo_T_A.csproj", "{6F0C7892-EFB0-4651-8747-07720AAB6BF1}"
EndProject
Global
	GlobalSection(SolutionConfigurationPlatforms) = preSolution
		Debug|Any CPU = Debug|Any CPU
		Release|Any CPU = Release|Any CPU
	EndGlobalSection
	GlobalSection(ProjectConfigurationPlatforms) = postSolution
		{6F0C7892-EFB0-4651-8747-07720AAB6BF1}.Debug|Any CPU.ActiveCfg = Debug|Any CPU
		{6F0C7892-EFB0-4651-8747-07720AAB6BF1}.Debug|Any CPU.Build.0 = Debug|Any CPU
		{6F0C7892-EFB0-4651-8747-07720AAB6BF1}.Release|Any CPU.ActiveCfg = Release|Any CPU
		{6F0C7892-EFB0-4651-8747-07720AAB6BF1}.Release|Any CPU.Build.0 = Release|Any CPU
	EndGlobalSection
	GlobalSection(SolutionProperties) = preSolution
		HideSolutionNode = FALSE
	EndGlobalSection
	GlobalSection(ExtensibilityGlobals) = postSolution
		SolutionGuid = {7A6DF9A6-FDB9-4FC0-B9F9-4E68947C317F}
	EndGlobalSection
EndGlobal
